
Microsoft Visual Studio Solution File, Format Version 12.00
# Visual Studio Version 16
VisualStudioVersion = 16.0.31205.134
MinimumVisualStudioVersion = 10.0.40219.1
Project("{FAE04EC0-301F-11D3-BF4B-00C04F79EFBC}") = "ElevatorControl.Api", "ElevatorControl.Api\ElevatorControl.Api.csproj", "{B05C526C-431F-4B4D-A75D-2AF2E2CDF3E1}"
EndProject
Project("{FAE04EC0-301F-11D3-BF4B-00C04F79EFBC}") = "ElevatorControl.Models", "ElevatorControl.Models\ElevatorControl.Models.csproj", "{FC7453A8-4DF5-4140-8ECF-425D82BEE88D}"
EndProject
Project("{FAE04EC0-301F-11D3-BF4B-00C04F79EFBC}") = "ElevatorControl.Data", "ElevatorControl.Data\ElevatorControl.Data.csproj", "{C94392DA-49E1-4F87-A63F-1E131212776A}"
EndProject
Project("{FAE04EC0-301F-11D3-BF4B-00C04F79EFBC}") = "ElevatorControl.Tests", "ElevatorControl.Tests\ElevatorControl.Tests.csproj", "{39FF8E3E-A775-47BF-9BC8-85877988681B}"
EndProject
Project("{FAE04EC0-301F-11D3-BF4B-00C04F79EFBC}") = "ElevatorControl.Business", "ElevatorControl.Business\ElevatorControl.Business.csproj", "{844262CD-8AA6-43F1-90C7-6C8BAB8E55ED}"
EndProject
Global
	GlobalSection(SolutionConfigurationPlatforms) = preSolution
		Debug|Any CPU = Debug|Any CPU
		Release|Any CPU = Release|Any CPU
	EndGlobalSection
	GlobalSection(ProjectConfigurationPlatforms) = postSolution
		{B05C526C-431F-4B4D-A75D-2AF2E2CDF3E1}.Debug|Any CPU.ActiveCfg = Debug|Any CPU
		{B05C526C-431F-4B4D-A75D-2AF2E2CDF3E1}.Debug|Any CPU.Build.0 = Debug|Any CPU
		{B05C526C-431F-4B4D-A75D-2AF2E2CDF3E1}.Release|Any CPU.ActiveCfg = Release|Any CPU
		{B05C526C-431F-4B4D-A75D-2AF2E2CDF3E1}.Release|Any CPU.Build.0 = Release|Any CPU
		{FC7453A8-4DF5-4140-8ECF-425D82BEE88D}.Debug|Any CPU.ActiveCfg = Debug|Any CPU
		{FC7453A8-4DF5-4140-8ECF-425D82BEE88D}.Debug|Any CPU.Build.0 = Debug|Any CPU
		{FC7453A8-4DF5-4140-8ECF-425D82BEE88D}.Release|Any CPU.ActiveCfg = Release|Any CPU
		{FC7453A8-4DF5-4140-8ECF-425D82BEE88D}.Release|Any CPU.Build.0 = Release|Any CPU
		{C94392DA-49E1-4F87-A63F-1E131212776A}.Debug|Any CPU.ActiveCfg = Debug|Any CPU
		{C94392DA-49E1-4F87-A63F-1E131212776A}.Debug|Any CPU.Build.0 = Debug|Any CPU
		{C94392DA-49E1-4F87-A63F-1E131212776A}.Release|Any CPU.ActiveCfg = Release|Any CPU
		{C94392DA-49E1-4F87-A63F-1E131212776A}.Release|Any CPU.Build.0 = Release|Any CPU
		{39FF8E3E-A775-47BF-9BC8-85877988681B}.Debug|Any CPU.ActiveCfg = Debug|Any CPU
		{39FF8E3E-A775-47BF-9BC8-85877988681B}.Debug|Any CPU.Build.0 = Debug|Any CPU
		{39FF8E3E-A775-47BF-9BC8-85877988681B}.Release|Any CPU.ActiveCfg = Release|Any CPU
		{39FF8E3E-A775-47BF-9BC8-85877988681B}.Release|Any CPU.Build.0 = Release|Any CPU
		{844262CD-8AA6-43F1-90C7-6C8BAB8E55ED}.Debug|Any CPU.ActiveCfg = Debug|Any CPU
		{844262CD-8AA6-43F1-90C7-6C8BAB8E55ED}.Debug|Any CPU.Build.0 = Debug|Any CPU
		{844262CD-8AA6-43F1-90C7-6C8BAB8E55ED}.Release|Any CPU.ActiveCfg = Release|Any CPU
		{844262CD-8AA6-43F1-90C7-6C8BAB8E55ED}.Release|Any CPU.Build.0 = Release|Any CPU
	EndGlobalSection
	GlobalSection(SolutionProperties) = preSolution
		HideSolutionNode = FALSE
	EndGlobalSection
	GlobalSection(ExtensibilityGlobals) = postSolution
		SolutionGuid = {52F9C8D5-5C8D-4397-8562-82391281FFB1}
	EndGlobalSection
EndGlobal
